
Microsoft Visual Studio Solution File, Format Version 12.00
# Visual Studio Version 17
VisualStudioVersion = 17.3.32825.248
MinimumVisualStudioVersion = 10.0.40219.1
Project("{FAE04EC0-301F-11D3-BF4B-00C04F79EFBC}") = "TAApplication", "TAApplication\TAApplication.csproj", "{9B251D1D-92AC-4BCE-A6E7-09942F7FD56C}"
EndProject
Global
	GlobalSection(SolutionConfigurationPlatforms) = preSolution
		Debug|Any CPU = Debug|Any CPU
		Release|Any CPU = Release|Any CPU
	EndGlobalSection
	GlobalSection(ProjectConfigurationPlatforms) = postSolution
		{9B251D1D-92AC-4BCE-A6E7-09942F7FD56C}.Debug|Any CPU.ActiveCfg = Debug|Any CPU
		{9B251D1D-92AC-4BCE-A6E7-09942F7FD56C}.Debug|Any CPU.Build.0 = Debug|Any CPU
		{9B251D1D-92AC-4BCE-A6E7-09942F7FD56C}.Release|Any CPU.ActiveCfg = Release|Any CPU
		{9B251D1D-92AC-4BCE-A6E7-09942F7FD56C}.Release|Any CPU.Build.0 = Release|Any CPU
	EndGlobalSection
	GlobalSection(SolutionProperties) = preSolution
		HideSolutionNode = FALSE
	EndGlobalSection
	GlobalSection(ExtensibilityGlobals) = postSolution
		SolutionGuid = {16C228B9-9C26-4D38-9183-6C983FA07396}
	EndGlobalSection
EndGlobal
